lockfileVersion: '9.0'

settings:
  autoInstallPeers: true
  excludeLinksFromLockfile: false

importers:

  .:
    dependencies:
      '@allmaps/annotation':
        specifier: ^1.0.0-beta.32
        version: 1.0.0-beta.32
      '@allmaps/transform':
        specifier: ^1.0.0-beta.43
        version: 1.0.0-beta.43
      '@turf/area':
        specifier: ^7.2.0
        version: 7.2.0
      '@turf/boolean-intersects':
        specifier: ^7.2.0
        version: 7.2.0
      '@turf/center-of-mass':
        specifier: ^7.2.0
        version: 7.2.0
      '@turf/intersect':
        specifier: ^7.2.0
        version: 7.2.0
      js-sha1:
        specifier: ^0.7.0
        version: 0.7.0
      ndjson:
        specifier: ^2.0.0
        version: 2.0.0
      typescript:
        specifier: ^5
        version: 5.8.3
      unzipper:
        specifier: ^0.12.3
        version: 0.12.3
    devDependencies:
      '@allmaps/types':
        specifier: 1.0.0-beta.15
        version: 1.0.0-beta.15
      '@types/highland':
        specifier: ^2.13.0
        version: 2.13.0
      '@types/ndjson':
        specifier: ^2.0.4
        version: 2.0.4
      '@types/unzipper':
        specifier: ^0.10.11
        version: 0.10.11

packages:

  '@allmaps/annotation@1.0.0-beta.32':
    resolution: {integrity: sha512-puD96uRxugmRChuXsiBke07s24kP2eYibWdQ6r1Ju0Qvj39DRMmLj+sEgkaZ3etZkstzCGShWt9e8RM3GxPe6w==}

  '@allmaps/iiif-parser@1.0.0-beta.42':
    resolution: {integrity: sha512-h3ag7Xw/H4POtoDtZG7qA7bPjp7bQvAjjGi+WLiUlB32x989cKx3wFpbjKkpcp3MyKsrS0WaHfmqaXcrqBN/rQ==}

  '@allmaps/stdlib@1.0.0-beta.33':
    resolution: {integrity: sha512-pImY8nzuSrtNYIYVKh4iEAjYKuXqBZ3HYsRR5t7o0I7nGuK8GKAQ+l1zml3v8YUgm529bJ9liDP6jJTUSi49Jg==}

  '@allmaps/transform@1.0.0-beta.43':
    resolution: {integrity: sha512-U/chh2oiYtoDvIQk4upDURrUQ+HadO6HMwhQs5hhc1Nka8fsdidFtCqdnSHFVctVX6da+hMs0GwjHYDR1nmFnQ==}

  '@allmaps/types@1.0.0-beta.15':
    resolution: {integrity: sha512-iA2dxCUQbzj3mvKT5fz9nENtmMD3BtD9+uuDTRw2JuACBqA6GJkbDJz9wyxHHSYcCy4JL3xuTy0ucRHLZZkGfg==}

  '@turf/area@7.2.0':
    resolution: {integrity: sha512-zuTTdQ4eoTI9nSSjerIy4QwgvxqwJVciQJ8tOPuMHbXJ9N/dNjI7bU8tasjhxas/Cx3NE9NxVHtNpYHL0FSzoA==}

  '@turf/bearing@7.2.0':
    resolution: {integrity: sha512-Jm0Xt3GgHjRrWvBtAGvgfnADLm+4exud2pRlmCYx8zfiKuNXQFkrcTZcOiJOgTfG20Agq28iSh15uta47jSIbg==}

  '@turf/boolean-clockwise@7.2.0':
    resolution: {integrity: sha512-0fJeFSARxy6ealGBM4Gmgpa1o8msQF87p2Dx5V6uSqzT8VPDegX1NSWl4b7QgXczYa9qv7IAABttdWP0K7Q7eQ==}

  '@turf/boolean-disjoint@7.2.0':
    resolution: {integrity: sha512-xdz+pYKkLMuqkNeJ6EF/3OdAiJdiHhcHCV0ykX33NIuALKIEpKik0+NdxxNsZsivOW6keKwr61SI+gcVtHYcnQ==}

  '@turf/boolean-intersects@7.2.0':
    resolution: {integrity: sha512-GLRyLQgK3F14drkK5Qi9Mv7Z9VT1bgQUd9a3DB3DACTZWDSwfh8YZUFn/HBwRkK8dDdgNEXaavggQHcPi1k9ow==}

  '@turf/boolean-point-in-polygon@7.2.0':
    resolution: {integrity: sha512-lvEOjxeXIp+wPXgl9kJA97dqzMfNexjqHou+XHVcfxQgolctoJiRYmcVCWGpiZ9CBf/CJha1KmD1qQoRIsjLaA==}

  '@turf/center-of-mass@7.2.0':
    resolution: {integrity: sha512-ij3pmG61WQPHGTQvOziPOdIgwTMegkYTwIc71Gl7xn4C0vWH6KLDSshCphds9xdWSXt2GbHpUs3tr4XGntHkEQ==}

  '@turf/centroid@7.2.0':
    resolution: {integrity: sha512-yJqDSw25T7P48au5KjvYqbDVZ7qVnipziVfZ9aSo7P2/jTE7d4BP21w0/XLi3T/9bry/t9PR1GDDDQljN4KfDw==}

  '@turf/clone@7.2.0':
    resolution: {integrity: sha512-JlGUT+/5qoU5jqZmf6NMFIoLDY3O7jKd53Up+zbpJ2vzUp6QdwdNzwrsCeONhynWM13F0MVtPXH4AtdkrgFk4g==}

  '@turf/convex@7.2.0':
    resolution: {integrity: sha512-HsgHm+zHRE8yPCE/jBUtWFyaaBmpXcSlyHd5/xsMhSZRImFzRzBibaONWQo7xbKZMISC3Nc6BtUjDi/jEVbqyA==}

  '@turf/destination@7.2.0':
    resolution: {integrity: sha512-8DUxtOO0Fvrh1xclIUj3d9C5WS20D21F5E+j+X9Q+ju6fcM4huOqTg5ckV1DN2Pg8caABEc5HEZJnGch/5YnYQ==}

  '@turf/distance@7.2.0':
    resolution: {integrity: sha512-HBjjXIgEcD/wJYjv7/6OZj5yoky2oUvTtVeIAqO3lL80XRvoYmVg6vkOIu6NswkerwLDDNT9kl7+BFLJoHbh6Q==}

  '@turf/helpers@7.2.0':
    resolution: {integrity: sha512-cXo7bKNZoa7aC7ydLmUR02oB3IgDe7MxiPuRz3cCtYQHn+BJ6h1tihmamYDWWUlPHgSNF0i3ATc4WmDECZafKw==}

  '@turf/intersect@7.2.0':
    resolution: {integrity: sha512-81GMzKS9pKqLPa61qSlFxLFeAC8XbwyCQ9Qv4z6o5skWk1qmMUbEHeMqaGUTEzk+q2XyhZ0sju1FV4iLevQ/aw==}

  '@turf/invariant@7.2.0':
    resolution: {integrity: sha512-kV4u8e7Gkpq+kPbAKNC21CmyrXzlbBgFjO1PhrHPgEdNqXqDawoZ3i6ivE3ULJj2rSesCjduUaC/wyvH/sNr2Q==}

  '@turf/line-intersect@7.2.0':
    resolution: {integrity: sha512-GhCJVEkc8EmggNi85EuVLoXF5T5jNVxmhIetwppiVyJzMrwkYAkZSYB3IBFYGUUB9qiNFnTwungVSsBV/S8ZiA==}

  '@turf/meta@7.2.0':
    resolution: {integrity: sha512-igzTdHsQc8TV1RhPuOLVo74Px/hyPrVgVOTgjWQZzt3J9BVseCdpfY/0cJBdlSRI4S/yTmmHl7gAqjhpYH5Yaw==}

  '@turf/midpoint@7.2.0':
    resolution: {integrity: sha512-AMn5S9aSrbXdE+Q4Rj+T5nLdpfpn+mfzqIaEKkYI021HC0vb22HyhQHsQbSeX+AWcS4CjD1hFsYVcgKI+5qCfw==}

  '@turf/polygon-to-line@7.2.0':
    resolution: {integrity: sha512-9jeTN3LiJ933I5sd4K0kwkcivOYXXm1emk0dHorwXeSFSHF+nlYesEW3Hd889wb9lZd7/SVLMUeX/h39mX+vCA==}

  '@turf/rewind@7.2.0':
    resolution: {integrity: sha512-SZpRAZiZsE22+HVz6pEID+ST25vOdpAMGk5NO1JeqzhpMALIkIGnkG+xnun2CfYHz7wv8/Z0ADiAvei9rkcQYA==}

  '@types/geojson@7946.0.16':
    resolution: {integrity: sha512-6C8nqWur3j98U6+lXDfTUWIfgvZU+EumvpHKcYjujKH7woYyLj2sUmff0tRhrqM7BohUw7Pz3ZB1jj2gW9Fvmg==}

  '@types/highland@2.13.0':
    resolution: {integrity: sha512-ZB4u9dUDnBmqGtbY4t7gAiW9L5oHWfP1TknVzlucd9se+AYXhcr3/5V51ViNBj8lqmRC0xvTRSBmSPU4hkPGAQ==}

  '@types/ndjson@2.0.4':
    resolution: {integrity: sha512-ajAl7AjhFstF6waORYNSS49GL5iBKisqJlgvXuprXFKCX9fto4ordlNU3+XMgkMddgeR0WoQQBmKUk0v0dJ4pw==}

  '@types/node@22.15.3':
    resolution: {integrity: sha512-lX7HFZeHf4QG/J7tBZqrCAXwz9J5RD56Y6MpP0eJkka8p+K0RY/yBTW7CYFJ4VGCclxqOLKmiGP5juQc6MKgcw==}

  '@types/through@0.0.33':
    resolution: {integrity: sha512-HsJ+z3QuETzP3cswwtzt2vEIiHBk/dCcHGhbmG5X3ecnwFD/lPrMpliGXxSCg03L9AhrdwA4Oz/qfspkDW+xGQ==}

  '@types/unzipper@0.10.11':
    resolution: {integrity: sha512-D25im2zjyMCcgL9ag6N46+wbtJBnXIr7SI4zHf9eJD2Dw2tEB5e+p5MYkrxKIVRscs5QV0EhtU9rgXSPx90oJg==}

  bignumber.js@9.3.0:
    resolution: {integrity: sha512-EM7aMFTXbptt/wZdMlBv2t8IViwQL+h6SLHosp8Yf0dqJMTnY6iL32opnAB6kAdL0SZPuvcAzFr31o0c/R3/RA==}

  bluebird@3.7.2:
    resolution: {integrity: sha512-XpNj6GDQzdfW+r2Wnn7xiSAd7TM3jzkxGXBGTtWKuSXv1xUV+azxAm8jdWZN06QTQk+2N2XB9jRDkvbmQmcRtg==}

  concaveman@1.2.1:
    resolution: {integrity: sha512-PwZYKaM/ckQSa8peP5JpVr7IMJ4Nn/MHIaWUjP4be+KoZ7Botgs8seAZGpmaOM+UZXawcdYRao/px9ycrCihHw==}

  core-util-is@1.0.3:
    resolution: {integrity: sha512-ZQBvi1DcpJ4GDqanjucZ2Hj3wEO5pZDS89BWbkcrvdxksJorwUDDZamX9ldFkp9aw2lmBDLgkObEA4DWNJ9FYQ==}

  duplexer2@0.1.4:
    resolution: {integrity: sha512-asLFVfWWtJ90ZyOUHMqk7/S2w2guQKxUI2itj3d92ADHhxUSbCMGi1f1cBcJ7xM1To+pE/Khbwo1yuNbMEPKeA==}

  fs-extra@11.3.0:
    resolution: {integrity: sha512-Z4XaCL6dUDHfP/jT25jJKMmtxvuwbkrD1vNSMFlo9lNLY2c5FHYSQgHPRZUjAB26TpDEoW9HCOgplrdbaPV/ew==}
    engines: {node: '>=14.14'}

  graceful-fs@4.2.11:
    resolution: {integrity: sha512-RbJ5/jmFcNNCcDV5o9eTnBLJ/HszWV0P73bc+Ff4nS/rJj+YaS6IGyiOL0VoBYX+l1Wrl3k63h/KrH+nhJ0XvQ==}

  inherits@2.0.4:
    resolution: {integrity: sha512-k/vGaX4/Yla3WzyMCvTQOXYeIHvqOKtnqBduzTHpzpQZzAskKMhZ2K+EnBiSM9zGSoIFeMpXKxa4dYeZIQqewQ==}

  is-any-array@2.0.1:
    resolution: {integrity: sha512-UtilS7hLRu++wb/WBAw9bNuP1Eg04Ivn1vERJck8zJthEvXCBEBpGR/33u/xLKWEQf95803oalHrVDptcAvFdQ==}

  isarray@1.0.0:
    resolution: {integrity: sha512-VLghIWNM6ELQzo7zwmcg0NmTVyWKYjvIeM83yjp0wRDTmUnrM678fQbcKBo6n2CJEF0szoG//ytg+TKla89ALQ==}

  js-sha1@0.7.0:
    resolution: {integrity: sha512-oQZ1Mo7440BfLSv9TX87VNEyU52pXPVG19F9PL3gTgNt0tVxlZ8F4O6yze3CLuLx28TxotxvlyepCNaaV0ZjMw==}

  json-stringify-safe@5.0.1:
    resolution: {integrity: sha512-ZClg6AaYvamvYEE82d3Iyd3vSSIjQ+odgjaTzRuO3s7toCdFKczob2i0zCh7JE8kWn17yvAWhUVxvqGwUalsRA==}

  jsonfile@6.1.0:
    resolution: {integrity: sha512-5dgndWOriYSm5cnYaJNhalLNDKOqFwyDB/rr1E9ZsGciGvKPs8R2xYGCacuf3z6K1YKDz182fd+fY3cn3pMqXQ==}

  minimist@1.2.8:
    resolution: {integrity: sha512-2yyAR8qBkN3YuheJanUpWC5U3bb5osDywNB8RzDVlDwDHbocAJveqqj1u8+SVD7jkWT4yvsHCpWqqWqAxb0zCA==}

  ml-array-max@1.2.4:
    resolution: {integrity: sha512-BlEeg80jI0tW6WaPyGxf5Sa4sqvcyY6lbSn5Vcv44lp1I2GR6AWojfUvLnGTNsIXrZ8uqWmo8VcG1WpkI2ONMQ==}

  ml-array-min@1.2.3:
    resolution: {integrity: sha512-VcZ5f3VZ1iihtrGvgfh/q0XlMobG6GQ8FsNyQXD3T+IlstDv85g8kfV0xUG1QPRO/t21aukaJowDzMTc7j5V6Q==}

  ml-array-rescale@1.3.7:
    resolution: {integrity: sha512-48NGChTouvEo9KBctDfHC3udWnQKNKEWN0ziELvY3KG25GR5cA8K8wNVzracsqSW1QEkAXjTNx+ycgAv06/1mQ==}

  ml-matrix@6.12.1:
    resolution: {integrity: sha512-TJ+8eOFdp+INvzR4zAuwBQJznDUfktMtOB6g/hUcGh3rcyjxbz4Te57Pgri8Q9bhSQ7Zys4IYOGhFdnlgeB6Lw==}

  monotone-chain-convex-hull@1.1.0:
    resolution: {integrity: sha512-iZGaoO2qtqIWaAfscTtsH2LolE06U4JzTw8AgtjT/yzYIA0aoAHDdwBtsesnQXfVRvS375Wu0Y1+FqdI5Y22GA==}

  ndjson@2.0.0:
    resolution: {integrity: sha512-nGl7LRGrzugTtaFcJMhLbpzJM6XdivmbkdlaGcrk/LXg2KL/YBC6z1g70xh0/al+oFuVFP8N8kiWRucmeEH/qQ==}
    engines: {node: '>=10'}
    hasBin: true

  node-int64@0.4.0:
    resolution: {integrity: sha512-O5lz91xSOeoXP6DulyHfllpq+Eg00MWitZIbtPfoSEvqIHdl5gfcY6hYzDWnj0qD5tz52PI08u9qUvSVeUBeHw==}

  point-in-polygon-hao@1.2.4:
    resolution: {integrity: sha512-x2pcvXeqhRHlNRdhLs/tgFapAbSSe86wa/eqmj1G6pWftbEs5aVRJhRGM6FYSUERKu0PjekJzMq0gsI2XyiclQ==}

  point-in-polygon@1.1.0:
    resolution: {integrity: sha512-3ojrFwjnnw8Q9242TzgXuTD+eKiutbzyslcq1ydfu82Db2y+Ogbmyrkpv0Hgj31qwT3lbS9+QAAO/pIQM35XRw==}

  polyclip-ts@0.16.8:
    resolution: {integrity: sha512-JPtKbDRuPEuAjuTdhR62Gph7Is2BS1Szx69CFOO3g71lpJDFo78k4tFyi+qFOMVPePEzdSKkpGU3NBXPHHjvKQ==}

  process-nextick-args@2.0.1:
    resolution: {integrity: sha512-3ouUOpQhtgrbOa17J7+uxOTpITYWaGP7/AhoR3+A+/1e9skrzelGi/dXzEYyvbxubEF6Wn2ypscTKiKJFFn1ag==}

  quickselect@2.0.0:
    resolution: {integrity: sha512-RKJ22hX8mHe3Y6wH/N3wCM6BWtjaxIyyUIkpHOvfFnxdI4yD4tBXEBKSbriGujF6jnSVkJrffuo6vxACiSSxIw==}

  rbush@3.0.1:
    resolution: {integrity: sha512-XRaVO0YecOpEuIvbhbpTrZgoiI6xBlz6hnlr6EHhd+0x9ase6EmeN+hdwwUaJvLcsFFQ8iWVF1GAK1yB0BWi0w==}

  readable-stream@2.3.8:
    resolution: {integrity: sha512-8p0AUk4XODgIewSi0l8Epjs+EVnWiK7NoDIEGU0HhE7+ZyY8D1IMY7odu5lRrFXGg71L15KG8QrPmum45RTtdA==}

  readable-stream@3.6.2:
    resolution: {integrity: sha512-9u/sniCrY3D5WdsERHzHE4G2YCXqoG5FTHUiCC4SIbr6XcLZBY05ya9EKjYek9O5xOAwjGq+1JdGBAS7Q9ScoA==}
    engines: {node: '>= 6'}

  robust-predicates@2.0.4:
    resolution: {integrity: sha512-l4NwboJM74Ilm4VKfbAtFeGq7aEjWL+5kVFcmgFA2MrdnQWx9iE/tUGvxY5HyMI7o/WpSIUFLbC5fbeaHgSCYg==}

  robust-predicates@3.0.2:
    resolution: {integrity: sha512-IXgzBWvWQwE6PrDI05OvmXUIruQTcoMDzRsOd5CDvHCVLcLHMTSYvOK5Cm46kWqlV3yAbuSpBZdJ5oP5OUoStg==}

  safe-buffer@5.1.2:
    resolution: {integrity: sha512-Gd2UZBJDkXlY7GbJxfsE8/nvKkUEU1G38c1siN6QP6a9PT9MmHB8GnpscSmMJSoF8LOIrt8ud/wPtojys4G6+g==}

  splaytree-ts@1.0.2:
    resolution: {integrity: sha512-0kGecIZNIReCSiznK3uheYB8sbstLjCZLiwcQwbmLhgHJj2gz6OnSPkVzJQCMnmEz1BQ4gPK59ylhBoEWOhGNA==}

  split2@3.2.2:
    resolution: {integrity: sha512-9NThjpgZnifTkJpzTZ7Eue85S49QwpNhZTq6GRJwObb6jnLFNGB7Qm73V5HewTROPyxD0C29xqmaI68bQtV+hg==}

  string_decoder@1.1.1:
    resolution: {integrity: sha512-n/ShnvDi6FHbbVfviro+WojiFzv+s8MPMHBczVePfUpDJLwoLT0ht1l4YwBCbi8pJAveEEdnkHyPyTP/mzRfwg==}

  svg-parser@2.0.4:
    resolution: {integrity: sha512-e4hG1hRwoOdRb37cIMSgzNsxyzKfayW6VOflrwvR+/bzrkyxY/31WkbgnQpgtrNp1SdpJvpUAGTa/ZoiPNDuRQ==}

  sweepline-intersections@1.5.0:
    resolution: {integrity: sha512-AoVmx72QHpKtItPu72TzFL+kcYjd67BPLDoR0LarIk+xyaRg+pDTMFXndIEvZf9xEKnJv6JdhgRMnocoG0D3AQ==}

  through2@4.0.2:
    resolution: {integrity: sha512-iOqSav00cVxEEICeD7TjLB1sueEL+81Wpzp2bY17uZjZN0pWZPuo4suZ/61VujxmqSGFfgOcNuTZ85QJwNZQpw==}

  tinyqueue@2.0.3:
    resolution: {integrity: sha512-ppJZNDuKGgxzkHihX8v9v9G5f+18gzaTfrukGrq6ueg0lmH4nqVnA2IPG0AEH3jKEk2GRJCUhDoqpoiw3PHLBA==}

  tslib@2.8.1:
    resolution: {integrity: sha512-oJFu94HQb+KVduSUQL7wnpmqnfmLsOA/nAh6b6EH0wCEoK0/mPeXU6c3wKDV83MkOuHPRHtSXKKU99IBazS/2w==}

  typescript@5.8.3:
    resolution: {integrity: sha512-p1diW6TqL9L07nNxvRMM7hMMw4c5XOo/1ibL4aAIGmSAt9slTE1Xgw5KWuof2uTOvCg9BY7ZRi+GaF+7sfgPeQ==}
    engines: {node: '>=14.17'}
    hasBin: true

  undici-types@6.21.0:
    resolution: {integrity: sha512-iwDZqg0QAGrg9Rav5H4n0M64c3mkR59cJ6wQp+7C4nI0gsmExaedaYLNO44eT4AtBBwjbTiGPMlt2Md0T9H9JQ==}

  universalify@2.0.1:
    resolution: {integrity: sha512-gptHNQghINnc/vTGIk0SOFGFNXw7JVrlRUtConJRlvaw6DuX0wO5Jeko9sWrMBhh+PsYAZ7oXAiOnf/UKogyiw==}
    engines: {node: '>= 10.0.0'}

  unzipper@0.12.3:
    resolution: {integrity: sha512-PZ8hTS+AqcGxsaQntl3IRBw65QrBI6lxzqDEL7IAo/XCEqRTKGfOX56Vea5TH9SZczRVxuzk1re04z/YjuYCJA==}

  util-deprecate@1.0.2:
    resolution: {integrity: sha512-EPD5q1uXyFxJpCrLnCc1nHnq3gOa6DZBocAIiI2TaSCA7VCJ1UJDMagCzIkXNsUYfD1daK//LTEQ8xiIbrHtcw==}

  zod@3.24.3:
    resolution: {integrity: sha512-HhY1oqzWCQWuUqvBFnsyrtZRhyPeR7SUGv+C4+MsisMuVfSPx8HpwWqH8tRahSlt6M3PiFAcoeFhZAqIXTxoSg==}

snapshots:

  '@allmaps/annotation@1.0.0-beta.32':
    dependencies:
      zod: 3.24.3

  '@allmaps/iiif-parser@1.0.0-beta.42':
    dependencies:
      zod: 3.24.3

  '@allmaps/stdlib@1.0.0-beta.33':
    dependencies:
      '@allmaps/annotation': 1.0.0-beta.32
      '@allmaps/iiif-parser': 1.0.0-beta.42
      '@turf/rewind': 7.2.0
      monotone-chain-convex-hull: 1.1.0
      svg-parser: 2.0.4

  '@allmaps/transform@1.0.0-beta.43':
    dependencies:
      '@allmaps/stdlib': 1.0.0-beta.33
      '@turf/distance': 7.2.0
      '@turf/midpoint': 7.2.0
      ml-matrix: 6.12.1

  '@allmaps/types@1.0.0-beta.15': {}

  '@turf/area@7.2.0':
    dependencies:
      '@turf/helpers': 7.2.0
      '@turf/meta': 7.2.0
      '@types/geojson': 7946.0.16
      tslib: 2.8.1

  '@turf/bearing@7.2.0':
    dependencies:
      '@turf/helpers': 7.2.0
      '@turf/invariant': 7.2.0
      '@types/geojson': 7946.0.16
      tslib: 2.8.1

  '@turf/boolean-clockwise@7.2.0':
    dependencies:
      '@turf/helpers': 7.2.0
      '@turf/invariant': 7.2.0
      '@types/geojson': 7946.0.16
      tslib: 2.8.1

  '@turf/boolean-disjoint@7.2.0':
    dependencies:
      '@turf/boolean-point-in-polygon': 7.2.0
      '@turf/helpers': 7.2.0
      '@turf/line-intersect': 7.2.0
      '@turf/meta': 7.2.0
      '@turf/polygon-to-line': 7.2.0
      '@types/geojson': 7946.0.16
      tslib: 2.8.1

  '@turf/boolean-intersects@7.2.0':
    dependencies:
      '@turf/boolean-disjoint': 7.2.0
      '@turf/helpers': 7.2.0
      '@turf/meta': 7.2.0
      '@types/geojson': 7946.0.16
      tslib: 2.8.1

  '@turf/boolean-point-in-polygon@7.2.0':
    dependencies:
      '@turf/helpers': 7.2.0
      '@turf/invariant': 7.2.0
      '@types/geojson': 7946.0.16
      point-in-polygon-hao: 1.2.4
      tslib: 2.8.1

  '@turf/center-of-mass@7.2.0':
    dependencies:
      '@turf/centroid': 7.2.0
      '@turf/convex': 7.2.0
      '@turf/helpers': 7.2.0
      '@turf/invariant': 7.2.0
      '@turf/meta': 7.2.0
      '@types/geojson': 7946.0.16
      tslib: 2.8.1

  '@turf/centroid@7.2.0':
    dependencies:
      '@turf/helpers': 7.2.0
      '@turf/meta': 7.2.0
      '@types/geojson': 7946.0.16
      tslib: 2.8.1

  '@turf/clone@7.2.0':
    dependencies:
      '@turf/helpers': 7.2.0
      '@types/geojson': 7946.0.16
      tslib: 2.8.1

  '@turf/convex@7.2.0':
    dependencies:
      '@turf/helpers': 7.2.0
      '@turf/meta': 7.2.0
      '@types/geojson': 7946.0.16
      concaveman: 1.2.1
      tslib: 2.8.1

  '@turf/destination@7.2.0':
    dependencies:
      '@turf/helpers': 7.2.0
      '@turf/invariant': 7.2.0
      '@types/geojson': 7946.0.16
      tslib: 2.8.1

  '@turf/distance@7.2.0':
    dependencies:
      '@turf/helpers': 7.2.0
      '@turf/invariant': 7.2.0
      '@types/geojson': 7946.0.16
      tslib: 2.8.1

  '@turf/helpers@7.2.0':
    dependencies:
      '@types/geojson': 7946.0.16
      tslib: 2.8.1

  '@turf/intersect@7.2.0':
    dependencies:
      '@turf/helpers': 7.2.0
      '@turf/meta': 7.2.0
      '@types/geojson': 7946.0.16
      polyclip-ts: 0.16.8
      tslib: 2.8.1

  '@turf/invariant@7.2.0':
    dependencies:
      '@turf/helpers': 7.2.0
      '@types/geojson': 7946.0.16
      tslib: 2.8.1

  '@turf/line-intersect@7.2.0':
    dependencies:
      '@turf/helpers': 7.2.0
      '@types/geojson': 7946.0.16
      sweepline-intersections: 1.5.0
      tslib: 2.8.1

  '@turf/meta@7.2.0':
    dependencies:
      '@turf/helpers': 7.2.0
      '@types/geojson': 7946.0.16

  '@turf/midpoint@7.2.0':
    dependencies:
      '@turf/bearing': 7.2.0
      '@turf/destination': 7.2.0
      '@turf/distance': 7.2.0
      '@turf/helpers': 7.2.0
      '@types/geojson': 7946.0.16
      tslib: 2.8.1

  '@turf/polygon-to-line@7.2.0':
    dependencies:
      '@turf/helpers': 7.2.0
      '@turf/invariant': 7.2.0
      '@types/geojson': 7946.0.16
      tslib: 2.8.1

  '@turf/rewind@7.2.0':
    dependencies:
      '@turf/boolean-clockwise': 7.2.0
      '@turf/clone': 7.2.0
      '@turf/helpers': 7.2.0
      '@turf/invariant': 7.2.0
      '@turf/meta': 7.2.0
      '@types/geojson': 7946.0.16
      tslib: 2.8.1

  '@types/geojson@7946.0.16': {}

  '@types/highland@2.13.0':
    dependencies:
      '@types/node': 22.15.3

  '@types/ndjson@2.0.4':
    dependencies:
      '@types/node': 22.15.3
      '@types/through': 0.0.33

  '@types/node@22.15.3':
    dependencies:
      undici-types: 6.21.0

  '@types/through@0.0.33':
    dependencies:
      '@types/node': 22.15.3

  '@types/unzipper@0.10.11':
    dependencies:
      '@types/node': 22.15.3

  bignumber.js@9.3.0: {}

  bluebird@3.7.2: {}

  concaveman@1.2.1:
    dependencies:
      point-in-polygon: 1.1.0
      rbush: 3.0.1
      robust-predicates: 2.0.4
      tinyqueue: 2.0.3

  core-util-is@1.0.3: {}

  duplexer2@0.1.4:
    dependencies:
      readable-stream: 2.3.8

  fs-extra@11.3.0:
    dependencies:
      graceful-fs: 4.2.11
      jsonfile: 6.1.0
      universalify: 2.0.1

  graceful-fs@4.2.11: {}

  inherits@2.0.4: {}

  is-any-array@2.0.1: {}

  isarray@1.0.0: {}

  js-sha1@0.7.0: {}

  json-stringify-safe@5.0.1: {}

  jsonfile@6.1.0:
    dependencies:
      universalify: 2.0.1
    optionalDependencies:
      graceful-fs: 4.2.11

  minimist@1.2.8: {}

  ml-array-max@1.2.4:
    dependencies:
      is-any-array: 2.0.1

  ml-array-min@1.2.3:
    dependencies:
      is-any-array: 2.0.1

  ml-array-rescale@1.3.7:
    dependencies:
      is-any-array: 2.0.1
      ml-array-max: 1.2.4
      ml-array-min: 1.2.3

  ml-matrix@6.12.1:
    dependencies:
      is-any-array: 2.0.1
      ml-array-rescale: 1.3.7

  monotone-chain-convex-hull@1.1.0: {}

  ndjson@2.0.0:
    dependencies:
      json-stringify-safe: 5.0.1
      minimist: 1.2.8
      readable-stream: 3.6.2
      split2: 3.2.2
      through2: 4.0.2

  node-int64@0.4.0: {}

  point-in-polygon-hao@1.2.4:
    dependencies:
      robust-predicates: 3.0.2

  point-in-polygon@1.1.0: {}

  polyclip-ts@0.16.8:
    dependencies:
      bignumber.js: 9.3.0
      splaytree-ts: 1.0.2

  process-nextick-args@2.0.1: {}

  quickselect@2.0.0: {}

  rbush@3.0.1:
    dependencies:
      quickselect: 2.0.0

  readable-stream@2.3.8:
    dependencies:
      core-util-is: 1.0.3
      inherits: 2.0.4
      isarray: 1.0.0
      process-nextick-args: 2.0.1
      safe-buffer: 5.1.2
      string_decoder: 1.1.1
      util-deprecate: 1.0.2

  readable-stream@3.6.2:
    dependencies:
      inherits: 2.0.4
      string_decoder: 1.1.1
      util-deprecate: 1.0.2

  robust-predicates@2.0.4: {}

  robust-predicates@3.0.2: {}

  safe-buffer@5.1.2: {}

  splaytree-ts@1.0.2: {}

  split2@3.2.2:
    dependencies:
      readable-stream: 3.6.2

  string_decoder@1.1.1:
    dependencies:
      safe-buffer: 5.1.2

  svg-parser@2.0.4: {}

  sweepline-intersections@1.5.0:
    dependencies:
      tinyqueue: 2.0.3

  through2@4.0.2:
    dependencies:
      readable-stream: 3.6.2

  tinyqueue@2.0.3: {}

  tslib@2.8.1: {}

  typescript@5.8.3: {}

  undici-types@6.21.0: {}

  universalify@2.0.1: {}

  unzipper@0.12.3:
    dependencies:
      bluebird: 3.7.2
      duplexer2: 0.1.4
      fs-extra: 11.3.0
      graceful-fs: 4.2.11
      node-int64: 0.4.0

  util-deprecate@1.0.2: {}

  zod@3.24.3: {}
